
Microsoft Visual Studio Solution File, Format Version 12.00
# Visual Studio Version 16
VisualStudioVersion = 16.0.32413.511
MinimumVisualStudioVersion = 10.0.40219.1
Project("{9A19103F-16F7-4668-BE54-9A1E7A4F7556}") = "Core_Proje", "Core_Proje\Core_Proje.csproj", "{E397D6C6-A344-449C-AE2B-CEAEB625A0A6}"
EndProject
Project("{9A19103F-16F7-4668-BE54-9A1E7A4F7556}") = "BusinessLayer", "Business\BusinessLayer.csproj", "{EA593A09-6714-42D5-B9D9-507F70DBAA2F}"
EndProject
Project("{9A19103F-16F7-4668-BE54-9A1E7A4F7556}") = "DataAccessLayer", "DataAccessLayer\DataAccessLayer.csproj", "{ECB77C82-04A2-42E6-AB59-A08B1F8E390F}"
EndProject
Project("{9A19103F-16F7-4668-BE54-9A1E7A4F7556}") = "EntityLayer", "EntityLayer\EntityLayer.csproj", "{5DD67F96-D557-48DC-B8A5-C013DBDDF659}"
EndProject
Project("{FAE04EC0-301F-11D3-BF4B-00C04F79EFBC}") = "Core_Proje_Api", "Core_Proje_Api\Core_Proje_Api.csproj", "{7F26846D-D957-4B56-AB43-289DAB37750A}"
EndProject
Global
	GlobalSection(SolutionConfigurationPlatforms) = preSolution
		Debug|Any CPU = Debug|Any CPU
		Release|Any CPU = Release|Any CPU
	EndGlobalSection
	GlobalSection(ProjectConfigurationPlatforms) = postSolution
		{E397D6C6-A344-449C-AE2B-CEAEB625A0A6}.Debug|Any CPU.ActiveCfg = Debug|Any CPU
		{E397D6C6-A344-449C-AE2B-CEAEB625A0A6}.Debug|Any CPU.Build.0 = Debug|Any CPU
		{E397D6C6-A344-449C-AE2B-CEAEB625A0A6}.Release|Any CPU.ActiveCfg = Release|Any CPU
		{E397D6C6-A344-449C-AE2B-CEAEB625A0A6}.Release|Any CPU.Build.0 = Release|Any CPU
		{EA593A09-6714-42D5-B9D9-507F70DBAA2F}.Debug|Any CPU.ActiveCfg = Debug|Any CPU
		{EA593A09-6714-42D5-B9D9-507F70DBAA2F}.Debug|Any CPU.Build.0 = Debug|Any CPU
		{EA593A09-6714-42D5-B9D9-507F70DBAA2F}.Release|Any CPU.ActiveCfg = Release|Any CPU
		{EA593A09-6714-42D5-B9D9-507F70DBAA2F}.Release|Any CPU.Build.0 = Release|Any CPU
		{ECB77C82-04A2-42E6-AB59-A08B1F8E390F}.Debug|Any CPU.ActiveCfg = Debug|Any CPU
		{ECB77C82-04A2-42E6-AB59-A08B1F8E390F}.Debug|Any CPU.Build.0 = Debug|Any CPU
		{ECB77C82-04A2-42E6-AB59-A08B1F8E390F}.Release|Any CPU.ActiveCfg = Release|Any CPU
		{ECB77C82-04A2-42E6-AB59-A08B1F8E390F}.Release|Any CPU.Build.0 = Release|Any CPU
		{5DD67F96-D557-48DC-B8A5-C013DBDDF659}.Debug|Any CPU.ActiveCfg = Debug|Any CPU
		{5DD67F96-D557-48DC-B8A5-C013DBDDF659}.Debug|Any CPU.Build.0 = Debug|Any CPU
		{5DD67F96-D557-48DC-B8A5-C013DBDDF659}.Release|Any CPU.ActiveCfg = Release|Any CPU
		{5DD67F96-D557-48DC-B8A5-C013DBDDF659}.Release|Any CPU.Build.0 = Release|Any CPU
		{7F26846D-D957-4B56-AB43-289DAB37750A}.Debug|Any CPU.ActiveCfg = Debug|Any CPU
		{7F26846D-D957-4B56-AB43-289DAB37750A}.Debug|Any CPU.Build.0 = Debug|Any CPU
		{7F26846D-D957-4B56-AB43-289DAB37750A}.Release|Any CPU.ActiveCfg = Release|Any CPU
		{7F26846D-D957-4B56-AB43-289DAB37750A}.Release|Any CPU.Build.0 = Release|Any CPU
	EndGlobalSection
	GlobalSection(SolutionProperties) = preSolution
		HideSolutionNode = FALSE
	EndGlobalSection
	GlobalSection(ExtensibilityGlobals) = postSolution
		SolutionGuid = {01AE36F9-EE98-4F59-9A9D-DDDF3F1E149F}
	EndGlobalSection
EndGlobal
